// !$*UTF8*$!
{
	archiveVersion = 1;
	classes = {
	};
	objectVersion = 46;
	objects = {

/* Begin PBXBuildFile section */
		BB79F51A19B6AAAB00BEC3A4 /* main.m in Sources */ = {isa = PBXBuildFile; fileRef = BB79F51919B6AAAB00BEC3A4 /* main.m */; };
		BB79F51D19B6AAAB00BEC3A4 /* AppDelegate.m in Sources */ = {isa = PBXBuildFile; fileRef = BB79F51C19B6AAAB00BEC3A4 /* AppDelegate.m */; };
		BB79F52019B6AAAB00BEC3A4 /* ViewController.m in Sources */ = {isa = PBXBuildFile; fileRef = BB79F51F19B6AAAB00BEC3A4 /* ViewController.m */; };
		BB79F52319B6AAAB00BEC3A4 /* Main.storyboard in Resources */ = {isa = PBXBuildFile; fileRef = BB79F52119B6AAAB00BEC3A4 /* Main.storyboard */; };
		BB79F52519B6AAAB00BEC3A4 /* Images.xcassets in Resources */ = {isa = PBXBuildFile; fileRef = BB79F52419B6AAAB00BEC3A4 /* Images.xcassets */; };
		BB79F53119B6AAAB00BEC3A4 /* LocationDemoTests.m in Sources */ = {isa = PBXBuildFile; fileRef = BB79F53019B6AAAB00BEC3A4 /* LocationDemoTests.m */; };
		BB79F53B19B6AAE200BEC3A4 /* CoreLocation.framework in Frameworks */ = {isa = PBXBuildFile; fileRef = BB79F53A19B6AAE200BEC3A4 /* CoreLocation.framework */; };
/* End PBXBuildFile section */

/* Begin PBXContainerItemProxy section */
		BB79F52B19B6AAAB00BEC3A4 /* PBXContainerItemProxy */ = {
			isa = PBXContainerItemProxy;
			containerPortal = BB79F50C19B6AAAB00BEC3A4 /* Project object */;
			proxyType = 1;
			remoteGlobalIDString = BB79F51319B6AAAB00BEC3A4;
			remoteInfo = LocationDemo;
		};
/* End PBXContainerItemProxy section */

/* Begin PBXFileReference section */
		BB79F51419B6AAAB00BEC3A4 /* LocationDemo.app */ = {isa = PBXFileReference; explicitFileType = wrapper.application; includeInIndex = 0; path = LocationDemo.app; sourceTree = BUILT_PRODUCTS_DIR; };
		BB79F51819B6AAAB00BEC3A4 /* Info.plist */ = {isa = PBXFileReference; lastKnownFileType = text.plist.xml; path = Info.plist; sourceTree = "<group>"; };
		BB79F51919B6AAAB00BEC3A4 /* main.m */ = {isa = PBXFileReference; lastKnownFileType = sourcecode.c.objc; path = main.m; sourceTree = "<group>"; };
		BB79F51B19B6AAAB00BEC3A4 /* AppDelegate.h */ = {isa = PBXFileReference; lastKnownFileType = sourcecode.c.h; path = AppDelegate.h; sourceTree = "<group>"; };
		BB79F51C19B6AAAB00BEC3A4 /* AppDelegate.m */ = {isa = PBXFileReference; lastKnownFileType = sourcecode.c.objc; path = AppDelegate.m; sourceTree = "<group>"; };
		BB79F51E19B6AAAB00BEC3A4 /* ViewController.h */ = {isa = PBXFileReference; lastKnownFileType = sourcecode.c.h; path = ViewController.h; sourceTree = "<group>"; };
		BB79F51F19B6AAAB00BEC3A4 /* ViewController.m */ = {isa = PBXFileReference; lastKnownFileType = sourcecode.c.objc; path = ViewController.m; sourceTree = "<group>"; };
		BB79F52219B6AAAB00BEC3A4 /* Base */ = {isa = PBXFileReference; lastKnownFileType = file.storyboard; name = Base; path = Base.lproj/Main.storyboard; sourceTree = "<group>"; };
		BB79F52419B6AAAB00BEC3A4 /* Images.xcassets */ = {isa = PBXFileReference; lastKnownFileType = folder.assetcatalog; path = Images.xcassets; sourceTree = "<group>"; };
		BB79F52A19B6AAAB00BEC3A4 /* LocationDemoTests.xctest */ = {isa = PBXFileReference; explicitFileType = wrapper.cfbundle; includeInIndex = 0; path = LocationDemoTests.xctest; sourceTree = BUILT_PRODUCTS_DIR; };
		BB79F52F19B6AAAB00BEC3A4 /* Info.plist */ = {isa = PBXFileReference; lastKnownFileType = text.plist.xml; path = Info.plist; sourceTree = "<group>"; };
		BB79F53019B6AAAB00BEC3A4 /* LocationDemoTests.m */ = {isa = PBXFileReference; lastKnownFileType = sourcecode.c.objc; path = LocationDemoTests.m; sourceTree = "<group>"; };
		BB79F53A19B6AAE200BEC3A4 /* CoreLocation.framework */ = {isa = PBXFileReference; lastKnownFileType = wrapper.framework; name = CoreLocation.framework; path = System/Library/Frameworks/CoreLocation.framework; sourceTree = SDKROOT; };
/* End PBXFileReference section */

/* Begin PBXFrameworksBuildPhase section */
		BB79F51119B6AAAB00BEC3A4 /* Frameworks */ = {
			isa = PBXFrameworksBuildPhase;
			buildActionMask = 2147483647;
			files = (
				BB79F53B19B6AAE200BEC3A4 /* CoreLocation.framework in Frameworks */,
			);
			runOnlyForDeploymentPostprocessing = 0;
		};
		BB79F52719B6AAAB00BEC3A4 /* Frameworks */ = {
			isa = PBXFrameworksBuildPhase;
			buildActionMask = 2147483647;
			files = (
			);
			runOnlyForDeploymentPostprocessing = 0;
		};
/* End PBXFrameworksBuildPhase section */

/* Begin PBXGroup section */
		BB79F50B19B6AAAB00BEC3A4 = {
			isa = PBXGroup;
			children = (
				BB79F53A19B6AAE200BEC3A4 /* CoreLocation.framework */,
				BB79F51619B6AAAB00BEC3A4 /* LocationDemo */,
				BB79F52D19B6AAAB00BEC3A4 /* LocationDemoTests */,
				BB79F51519B6AAAB00BEC3A4 /* Products */,
			);
			sourceTree = "<group>";
		};
		BB79F51519B6AAAB00BEC3A4 /* Products */ = {
			isa = PBXGroup;
			children = (
				BB79F51419B6AAAB00BEC3A4 /* LocationDemo.app */,
				BB79F52A19B6AAAB00BEC3A4 /* LocationDemoTests.xctest */,
			);
			name = Products;
			sourceTree = "<group>";
		};
		BB79F51619B6AAAB00BEC3A4 /* LocationDemo */ = {
			isa = PBXGroup;
			children = (
				BB79F51B19B6AAAB00BEC3A4 /* AppDelegate.h */,
				BB79F51C19B6AAAB00BEC3A4 /* AppDelegate.m */,
				BB79F51E19B6AAAB00BEC3A4 /* ViewController.h */,
				BB79F51F19B6AAAB00BEC3A4 /* ViewController.m */,
				BB79F52119B6AAAB00BEC3A4 /* Main.storyboard */,
				BB79F52419B6AAAB00BEC3A4 /* Images.xcassets */,
				BB79F51719B6AAAB00BEC3A4 /* Supporting Files */,
			);
			path = LocationDemo;
			sourceTree = "<group>";
		};
		BB79F51719B6AAAB00BEC3A4 /* Supporting Files */ = {
			isa = PBXGroup;
			children = (
				BB79F51819B6AAAB00BEC3A4 /* Info.plist */,
				BB79F51919B6AAAB00BEC3A4 /* main.m */,
			);
			name = "Supporting Files";
			sourceTree = "<group>";
		};
		BB79F52D19B6AAAB00BEC3A4 /* LocationDemoTests */ = {
			isa = PBXGroup;
			children = (
				BB79F53019B6AAAB00BEC3A4 /* LocationDemoTests.m */,
				BB79F52E19B6AAAB00BEC3A4 /* Supporting Files */,
			);
			path = LocationDemoTests;
			sourceTree = "<group>";
		};
		BB79F52E19B6AAAB00BEC3A4 /* Supporting Files */ = {
			isa = PBXGroup;
			children = (
				BB79F52F19B6AAAB00BEC3A4 /* Info.plist */,
			);
			name = "Supporting Files";
			sourceTree = "<group>";
		};
/* End PBXGroup section */

/* Begin PBXNativeTarget section */
		BB79F51319B6AAAB00BEC3A4 /* LocationDemo */ = {
			isa = PBXNativeTarget;
			buildConfigurationList = BB79F53419B6AAAB00BEC3A4 /* Build configuration list for PBXNativeTarget "LocationDemo" */;
			buildPhases = (
				BB79F51019B6AAAB00BEC3A4 /* Sources */,
				BB79F51119B6AAAB00BEC3A4 /* Frameworks */,
				BB79F51219B6AAAB00BEC3A4 /* Resources */,
			);
			buildRules = (
			);
			dependencies = (
			);
			name = LocationDemo;
			productName = LocationDemo;
			productReference = BB79F51419B6AAAB00BEC3A4 /* LocationDemo.app */;
			productType = "com.apple.product-type.application";
		};
		BB79F52919B6AAAB00BEC3A4 /* LocationDemoTests */ = {
			isa = PBXNativeTarget;
			buildConfigurationList = BB79F53719B6AAAB00BEC3A4 /* Build configuration list for PBXNativeTarget "LocationDemoTests" */;
			buildPhases = (
				BB79F52619B6AAAB00BEC3A4 /* Sources */,
				BB79F52719B6AAAB00BEC3A4 /* Frameworks */,
				BB79F52819B6AAAB00BEC3A4 /* Resources */,
			);
			buildRules = (
			);
			dependencies = (
				BB79F52C19B6AAAB00BEC3A4 /* PBXTargetDependency */,
			);
			name = LocationDemoTests;
			productName = LocationDemoTests;
			productReference = BB79F52A19B6AAAB00BEC3A4 /* LocationDemoTests.xctest */;
			productType = "com.apple.product-type.bundle.unit-test";
		};
/* End PBXNativeTarget section */

/* Begin PBXProject section */
		BB79F50C19B6AAAB00BEC3A4 /* Project object */ = {
			isa = PBXProject;
			attributes = {
				LastUpgradeCheck = 0600;
				ORGANIZATIONNAME = "Paul Wilkinson";
				TargetAttributes = {
					BB79F51319B6AAAB00BEC3A4 = {
						CreatedOnToolsVersion = 6.0;
						SystemCapabilities = {
							com.apple.BackgroundModes = {
								enabled = 1;
							};
						};
					};
					BB79F52919B6AAAB00BEC3A4 = {
						CreatedOnToolsVersion = 6.0;
						TestTargetID = BB79F51319B6AAAB00BEC3A4;
					};
				};
			};
			buildConfigurationList = BB79F50F19B6AAAB00BEC3A4 /* Build configuration list for PBXProject "LocationDemo" */;
			compatibilityVersion = "Xcode 3.2";
			developmentRegion = English;
			hasScannedForEncodings = 0;
			knownRegions = (
				en,
				Base,
			);
			mainGroup = BB79F50B19B6AAAB00BEC3A4;
			productRefGroup = BB79F51519B6AAAB00BEC3A4 /* Products */;
			projectDirPath = "";
			projectRoot = "";
			targets = (
				BB79F51319B6AAAB00BEC3A4 /* LocationDemo */,
				BB79F52919B6AAAB00BEC3A4 /* LocationDemoTests */,
			);
		};
/* End PBXProject section */

/* Begin PBXResourcesBuildPhase section */
		BB79F51219B6AAAB00BEC3A4 /* Resources */ = {
			isa = PBXResourcesBuildPhase;
			buildActionMask = 2147483647;
			files = (
				BB79F52319B6AAAB00BEC3A4 /* Main.storyboard in Resources */,
				BB79F52519B6AAAB00BEC3A4 /* Images.xcassets in Resources */,
			);
			runOnlyForDeploymentPostprocessing = 0;
		};
		BB79F52819B6AAAB00BEC3A4 /* Resources */ = {
			isa = PBXResourcesBuildPhase;
			buildActionMask = 2147483647;
			files = (
			);
			runOnlyForDeploymentPostprocessing = 0;
		};
/* End PBXResourcesBuildPhase section */

/* Begin PBXSourcesBuildPhase section */
		BB79F51019B6AAAB00BEC3A4 /* Sources */ = {
			isa = PBXSourcesBuildPhase;
			buildActionMask = 2147483647;
			files = (
				BB79F52019B6AAAB00BEC3A4 /* ViewController.m in Sources */,
				BB79F51D19B6AAAB00BEC3A4 /* AppDelegate.m in Sources */,
				BB79F51A19B6AAAB00BEC3A4 /* main.m in Sources */,
			);
			runOnlyForDeploymentPostprocessing = 0;
		};
		BB79F52619B6AAAB00BEC3A4 /* Sources */ = {
			isa = PBXSourcesBuildPhase;
			buildActionMask = 2147483647;
			files = (
				BB79F53119B6AAAB00BEC3A4 /* LocationDemoTests.m in Sources */,
			);
			runOnlyForDeploymentPostprocessing = 0;
		};
/* End PBXSourcesBuildPhase section */

/* Begin PBXTargetDependency section */
		BB79F52C19B6AAAB00BEC3A4 /* PBXTargetDependency */ = {
			isa = PBXTargetDependency;
			target = BB79F51319B6AAAB00BEC3A4 /* LocationDemo */;
			targetProxy = BB79F52B19B6AAAB00BEC3A4 /* PBXContainerItemProxy */;
		};
/* End PBXTargetDependency section */

/* Begin PBXVariantGroup section */
		BB79F52119B6AAAB00BEC3A4 /* Main.storyboard */ = {
			isa = PBXVariantGroup;
			children = (
				BB79F52219B6AAAB00BEC3A4 /* Base */,
			);
			name = Main.storyboard;
			sourceTree = "<group>";
		};
/* End PBXVariantGroup section */

/* Begin XCBuildConfiguration section */
		BB79F53219B6AAAB00BEC3A4 /* Debug */ = {
			isa = XCBuildConfiguration;
			buildSettings = {
				ALWAYS_SEARCH_USER_PATHS = NO;
				CLANG_CXX_LANGUAGE_STANDARD = "gnu++0x";
				CLANG_CXX_LIBRARY = "libc++";
				CLANG_ENABLE_MODULES = YES;
				CLANG_ENABLE_OBJC_ARC = YES;
				CLANG_WARN_BOOL_CONVERSION = YES;
				CLANG_WARN_CONSTANT_CONVERSION = YES;
				CLANG_WARN_DIRECT_OBJC_ISA_USAGE = YES_ERROR;
				CLANG_WARN_EMPTY_BODY = YES;
				CLANG_WARN_ENUM_CONVERSION = YES;
				CLANG_WARN_INT_CONVERSION = YES;
				CLANG_WARN_OBJC_ROOT_CLASS = YES_ERROR;
				CLANG_WARN_UNREACHABLE_CODE = YES;
				CLANG_WARN__DUPLICATE_METHOD_MATCH = YES;
				"CODE_SIGN_IDENTITY[sdk=iphoneos*]" = "iPhone Developer";
				COPY_PHASE_STRIP = NO;
				ENABLE_STRICT_OBJC_MSGSEND = YES;
				GCC_C_LANGUAGE_STANDARD = gnu99;
				GCC_DYNAMIC_NO_PIC = NO;
				GCC_OPTIMIZATION_LEVEL = 0;
				GCC_PREPROCESSOR_DEFINITIONS = (
					"DEBUG=1",
					"$(inherited)",
				);
				GCC_SYMBOLS_PRIVATE_EXTERN = NO;
				GCC_WARN_64_TO_32_BIT_CONVERSION = YES;
				GCC_WARN_ABOUT_RETURN_TYPE = YES_ERROR;
				GCC_WARN_UNDECLARED_SELECTOR = YES;
				GCC_WARN_UNINITIALIZED_AUTOS = YES_AGGRESSIVE;
				GCC_WARN_UNUSED_FUNCTION = YES;
				GCC_WARN_UNUSED_VARIABLE = YES;
				IPHONEOS_DEPLOYMENT_TARGET = 8.0;
				MTL_ENABLE_DEBUG_INFO = YES;
				ONLY_ACTIVE_ARCH = YES;
				SDKROOT = iphoneos;
				TARGETED_DEVICE_FAMILY = "1,2";
			};
			name = Debug;
		};
		BB79F53319B6AAAB00BEC3A4 /* Release */ = {
			isa = XCBuildConfiguration;
			buildSettings = {
				ALWAYS_SEARCH_USER_PATHS = NO;
				CLANG_CXX_LANGUAGE_STANDARD = "gnu++0x";
				CLANG_CXX_LIBRARY = "libc++";
				CLANG_ENABLE_MODULES = YES;
				CLANG_ENABLE_OBJC_ARC = YES;
				CLANG_WARN_BOOL_CONVERSION = YES;
				CLANG_WARN_CONSTANT_CONVERSION = YES;
				CLANG_WARN_DIRECT_OBJC_ISA_USAGE = YES_ERROR;
				CLANG_WARN_EMPTY_BODY = YES;
				CLANG_WARN_ENUM_CONVERSION = YES;
				CLANG_WARN_INT_CONVERSION = YES;
				CLANG_WARN_OBJC_ROOT_CLASS = YES_ERROR;
				CLANG_WARN_UNREACHABLE_CODE = YES;
				CLANG_WARN__DUPLICATE_METHOD_MATCH = YES;
				"CODE_SIGN_IDENTITY[sdk=iphoneos*]" = "iPhone Developer";
				COPY_PHASE_STRIP = YES;
				ENABLE_NS_ASSERTIONS = NO;
				ENABLE_STRICT_OBJC_MSGSEND = YES;
				GCC_C_LANGUAGE_STANDARD = gnu99;
				GCC_WARN_64_TO_32_BIT_CONVERSION = YES;
				GCC_WARN_ABOUT_RETURN_TYPE = YES_ERROR;
				GCC_WARN_UNDECLARED_SELECTOR = YES;
				GCC_WARN_UNINITIALIZED_AUTOS = YES_AGGRESSIVE;
				GCC_WARN_UNUSED_FUNCTION = YES;
				GCC_WARN_UNUSED_VARIABLE = YES;
				IPHONEOS_DEPLOYMENT_TARGET = 8.0;
				MTL_ENABLE_DEBUG_INFO = NO;
				SDKROOT = iphoneos;
				TARGETED_DEVICE_FAMILY = "1,2";
				VALIDATE_PRODUCT = YES;
			};
			name = Release;
		};
		BB79F53519B6AAAB00BEC3A4 /* Debug */ = {
			isa = XCBuildConfiguration;
			buildSettings = {
				ASSETCATALOG_COMPILER_APPICON_NAME = AppIcon;
				ASSETCATALOG_COMPILER_LAUNCHIMAGE_NAME = LaunchImage;
				INFOPLIST_FILE = LocationDemo/Info.plist;
				IPHONEOS_DEPLOYMENT_TARGET = 7.1;
				LD_RUNPATH_SEARCH_PATHS = "$(inherited) @executable_path/Frameworks";
				PRODUCT_NAME = "$(TARGET_NAME)";
			};
			name = Debug;
		};
		BB79F53619B6AAAB00BEC3A4 /* Release */ = {
			isa = XCBuildConfiguration;
			buildSettings = {
				ASSETCATALOG_COMPILER_APPICON_NAME = AppIcon;
				ASSETCATALOG_COMPILER_LAUNCHIMAGE_NAME = LaunchImage;
				INFOPLIST_FILE = LocationDemo/Info.plist;
				IPHONEOS_DEPLOYMENT_TARGET = 7.1;
				LD_RUNPATH_SEARCH_PATHS = "$(inherited) @executable_path/Frameworks";
				PRODUCT_NAME = "$(TARGET_NAME)";
			};
			name = Release;
		};
		BB79F53819B6AAAB00BEC3A4 /* Debug */ = {
			isa = XCBuildConfiguration;
			buildSettings = {
				BUNDLE_LOADER = "$(TEST_HOST)";
				FRAMEWORK_SEARCH_PATHS = (
					"$(SDKROOT)/Developer/Library/Frameworks",
					"$(inherited)",
				);
				GCC_PREPROCESSOR_DEFINITIONS = (
					"DEBUG=1",
					"$(inherited)",
				);
				INFOPLIST_FILE = LocationDemoTests/Info.plist;
				LD_RUNPATH_SEARCH_PATHS = "$(inherited) @executable_path/Frameworks @loader_path/Frameworks";
				PRODUCT_NAME = "$(TARGET_NAME)";
				TEST_HOST = "$(BUILT_PRODUCTS_DIR)/LocationDemo.app/LocationDemo";
			};
			name = Debug;
		};
		BB79F53919B6AAAB00BEC3A4 /* Release */ = {
			isa = XCBuildConfiguration;
			buildSettings = {
				BUNDLE_LOADER = "$(TEST_HOST)";
				FRAMEWORK_SEARCH_PATHS = (
					"$(SDKROOT)/Developer/Library/Frameworks",
					"$(inherited)",
				);
				INFOPLIST_FILE = LocationDemoTests/Info.plist;
				LD_RUNPATH_SEARCH_PATHS = "$(inherited) @executable_path/Frameworks @loader_path/Frameworks";
				PRODUCT_NAME = "$(TARGET_NAME)";
				TEST_HOST = "$(BUILT_PRODUCTS_DIR)/LocationDemo.app/LocationDemo";
			};
			name = Release;
		};
/* End XCBuildConfiguration section */

/* Begin XCConfigurationList section */
		BB79F50F19B6AAAB00BEC3A4 /* Build configuration list for PBXProject "LocationDemo" */ = {
			isa = XCConfigurationList;
			buildConfigurations = (
				BB79F53219B6AAAB00BEC3A4 /* Debug */,
				BB79F53319B6AAAB00BEC3A4 /* Release */,
			);
			defaultConfigurationIsVisible = 0;
			defaultConfigurationName = Release;
		};
		BB79F53419B6AAAB00BEC3A4 /* Build configuration list for PBXNativeTarget "LocationDemo" */ = {
			isa = XCConfigurationList;
			buildConfigurations = (
				BB79F53519B6AAAB00BEC3A4 /* Debug */,
				BB79F53619B6AAAB00BEC3A4 /* Release */,
			);
			defaultConfigurationIsVisible = 0;
		};
		BB79F53719B6AAAB00BEC3A4 /* Build configuration list for PBXNativeTarget "LocationDemoTests" */ = {
			isa = XCConfigurationList;
			buildConfigurations = (
				BB79F53819B6AAAB00BEC3A4 /* Debug */,
				BB79F53919B6AAAB00BEC3A4 /* Release */,
			);
			defaultConfigurationIsVisible = 0;
		};
/* End XCConfigurationList section */
	};
	rootObject = BB79F50C19B6AAAB00BEC3A4 /* Project object */;
}
